// !$*UTF8*$!
{
	archiveVersion = 1;
	classes = {
	};
	objectVersion = 56;
	objects = {

/* Begin PBXBuildFile section */
		8F5B3B5A2B540C79000AFB45 /* FirebaseAuthUser +.swift in Sources */ = {isa = PBXBuildFile; fileRef = 8F5B3B592B540C78000AFB45 /* FirebaseAuthUser +.swift */; };
		8F5DFFA92B536D9F00250C8B /* CustomGradientLayerBackgroundAllPhotos.swift in Sources */ = {isa = PBXBuildFile; fileRef = 8F5DFF782B536D9F00250C8B /* CustomGradientLayerBackgroundAllPhotos.swift */; };
		8F5DFFAA2B536D9F00250C8B /* CustomGradientLayerBackgroundAuth.swift in Sources */ = {isa = PBXBuildFile; fileRef = 8F5DFF792B536D9F00250C8B /* CustomGradientLayerBackgroundAuth.swift */; };
		8F5DFFAB2B536D9F00250C8B /* CustomGradientLayerSpot.swift in Sources */ = {isa = PBXBuildFile; fileRef = 8F5DFF7A2B536D9F00250C8B /* CustomGradientLayerSpot.swift */; };
		8F5DFFAC2B536D9F00250C8B /* CustomGradientLayerBackground.swift in Sources */ = {isa = PBXBuildFile; fileRef = 8F5DFF7B2B536D9F00250C8B /* CustomGradientLayerBackground.swift */; };
		8F5DFFAD2B536D9F00250C8B /* UIButtonAuth.swift in Sources */ = {isa = PBXBuildFile; fileRef = 8F5DFF7D2B536D9F00250C8B /* UIButtonAuth.swift */; };
		8F5DFFAE2B536D9F00250C8B /* UITextFieldAuth.swift in Sources */ = {isa = PBXBuildFile; fileRef = 8F5DFF7E2B536D9F00250C8B /* UITextFieldAuth.swift */; };
		8F5DFFAF2B536D9F00250C8B /* UIlogoLabel.swift in Sources */ = {isa = PBXBuildFile; fileRef = 8F5DFF7F2B536D9F00250C8B /* UIlogoLabel.swift */; };
		8F5DFFB02B536D9F00250C8B /* Token.ttf in Resources */ = {isa = PBXBuildFile; fileRef = 8F5DFF812B536D9F00250C8B /* Token.ttf */; };
		8F5DFFB12B536D9F00250C8B /* UIColor + .swift in Sources */ = {isa = PBXBuildFile; fileRef = 8F5DFF832B536D9F00250C8B /* UIColor + .swift */; };
		8F5DFFB22B536D9F00250C8B /* UIVIew + .swift in Sources */ = {isa = PBXBuildFile; fileRef = 8F5DFF842B536D9F00250C8B /* UIVIew + .swift */; };
		8F5DFFB32B536D9F00250C8B /* StorageService.swift in Sources */ = {isa = PBXBuildFile; fileRef = 8F5DFF872B536D9F00250C8B /* StorageService.swift */; };
		8F5DFFB42B536D9F00250C8B /* RegistrationField.swift in Sources */ = {isa = PBXBuildFile; fileRef = 8F5DFF892B536D9F00250C8B /* RegistrationField.swift */; };
		8F5DFFB62B536D9F00250C8B /* Photo.swift in Sources */ = {isa = PBXBuildFile; fileRef = 8F5DFF8B2B536D9F00250C8B /* Photo.swift */; };
		8F5DFFB72B536D9F00250C8B /* AuthResponceEnum.swift in Sources */ = {isa = PBXBuildFile; fileRef = 8F5DFF8C2B536D9F00250C8B /* AuthResponceEnum.swift */; };
		8F5DFFB82B536D9F00250C8B /* AuthResponce.swift in Sources */ = {isa = PBXBuildFile; fileRef = 8F5DFF8D2B536D9F00250C8B /* AuthResponce.swift */; };
		8F5DFFB92B536D9F00250C8B /* AuthService.swift in Sources */ = {isa = PBXBuildFile; fileRef = 8F5DFF8E2B536D9F00250C8B /* AuthService.swift */; };
		8F5DFFBA2B536D9F00250C8B /* DatabaseService.swift in Sources */ = {isa = PBXBuildFile; fileRef = 8F5DFF8F2B536D9F00250C8B /* DatabaseService.swift */; };
		8F5DFFBB2B536D9F00250C8B /* CheckField.swift in Sources */ = {isa = PBXBuildFile; fileRef = 8F5DFF902B536D9F00250C8B /* CheckField.swift */; };
		8F5DFFBC2B536D9F00250C8B /* LoginViewControllerImpl.swift in Sources */ = {isa = PBXBuildFile; fileRef = 8F5DFF942B536D9F00250C8B /* LoginViewControllerImpl.swift */; };
		8F5DFFBD2B536D9F00250C8B /* LoginPresenterImpl.swift in Sources */ = {isa = PBXBuildFile; fileRef = 8F5DFF952B536D9F00250C8B /* LoginPresenterImpl.swift */; };
		8F5DFFBE2B536D9F00250C8B /* AuthModuleCoordinator.swift in Sources */ = {isa = PBXBuildFile; fileRef = 8F5DFF962B536D9F00250C8B /* AuthModuleCoordinator.swift */; };
		8F5DFFBF2B536D9F00250C8B /* RegistrationPresenterImpl.swift in Sources */ = {isa = PBXBuildFile; fileRef = 8F5DFF982B536D9F00250C8B /* RegistrationPresenterImpl.swift */; };
		8F5DFFC02B536D9F00250C8B /* RegistrationViewControllerImpl.swift in Sources */ = {isa = PBXBuildFile; fileRef = 8F5DFF992B536D9F00250C8B /* RegistrationViewControllerImpl.swift */; };
		8F5DFFC12B536D9F00250C8B /* MainModuleCoordinator.swift in Sources */ = {isa = PBXBuildFile; fileRef = 8F5DFF9B2B536D9F00250C8B /* MainModuleCoordinator.swift */; };
		8F5DFFC32B536D9F00250C8B /* AllPhotosCell.swift in Sources */ = {isa = PBXBuildFile; fileRef = 8F5DFF9E2B536D9F00250C8B /* AllPhotosCell.swift */; };
		8F5DFFC42B536D9F00250C8B /* FullScreenPhotoCell.swift in Sources */ = {isa = PBXBuildFile; fileRef = 8F5DFF9F2B536D9F00250C8B /* FullScreenPhotoCell.swift */; };
		8F5DFFC52B536D9F00250C8B /* GalleryFullScreenViewControllerImpl.swift in Sources */ = {isa = PBXBuildFile; fileRef = 8F5DFFA12B536D9F00250C8B /* GalleryFullScreenViewControllerImpl.swift */; };
		8F5DFFC62B536D9F00250C8B /* GalleryAllPhotosPresenterImpl.swift in Sources */ = {isa = PBXBuildFile; fileRef = 8F5DFFA32B536D9F00250C8B /* GalleryAllPhotosPresenterImpl.swift */; };
		8F5DFFC72B536D9F00250C8B /* GalleryAllPhotosViewControllerImpl.swift in Sources */ = {isa = PBXBuildFile; fileRef = 8F5DFFA42B536D9F00250C8B /* GalleryAllPhotosViewControllerImpl.swift */; };
		8F5DFFC82B536D9F00250C8B /* GalleryAllPhotosModel.swift in Sources */ = {isa = PBXBuildFile; fileRef = 8F5DFFA52B536D9F00250C8B /* GalleryAllPhotosModel.swift */; };
		8F5DFFC92B536D9F00250C8B /* AppCoordinator.swift in Sources */ = {isa = PBXBuildFile; fileRef = 8F5DFFA72B536D9F00250C8B /* AppCoordinator.swift */; };
		8F5DFFCA2B536D9F00250C8B /* Coordinator.swift in Sources */ = {isa = PBXBuildFile; fileRef = 8F5DFFA82B536D9F00250C8B /* Coordinator.swift */; };
		8FA55FB12AFD00EA007FEF74 /* AppDelegate.swift in Sources */ = {isa = PBXBuildFile; fileRef = 8FA55FB02AFD00EA007FEF74 /* AppDelegate.swift */; };
		8FA55FB32AFD00EA007FEF74 /* SceneDelegate.swift in Sources */ = {isa = PBXBuildFile; fileRef = 8FA55FB22AFD00EA007FEF74 /* SceneDelegate.swift */; };
		8FA55FBA2AFD00EB007FEF74 /* Assets.xcassets in Resources */ = {isa = PBXBuildFile; fileRef = 8FA55FB92AFD00EB007FEF74 /* Assets.xcassets */; };
		8FA55FBD2AFD00EB007FEF74 /* LaunchScreen.storyboard in Resources */ = {isa = PBXBuildFile; fileRef = 8FA55FBB2AFD00EB007FEF74 /* LaunchScreen.storyboard */; };
		8FD2F1F82B17C4CB00AA68BD /* FirebaseAnalytics in Frameworks */ = {isa = PBXBuildFile; productRef = 8FD2F1F72B17C4CB00AA68BD /* FirebaseAnalytics */; };
		8FD2F1FA2B17C4CB00AA68BD /* FirebaseAnalyticsOnDeviceConversion in Frameworks */ = {isa = PBXBuildFile; productRef = 8FD2F1F92B17C4CB00AA68BD /* FirebaseAnalyticsOnDeviceConversion */; };
		8FD2F1FC2B17C4CB00AA68BD /* FirebaseAnalyticsSwift in Frameworks */ = {isa = PBXBuildFile; productRef = 8FD2F1FB2B17C4CB00AA68BD /* FirebaseAnalyticsSwift */; };
		8FD2F1FE2B17C4CB00AA68BD /* FirebaseAnalyticsWithoutAdIdSupport in Frameworks */ = {isa = PBXBuildFile; productRef = 8FD2F1FD2B17C4CB00AA68BD /* FirebaseAnalyticsWithoutAdIdSupport */; };
		8FD2F2002B17C4CB00AA68BD /* FirebaseAppCheck in Frameworks */ = {isa = PBXBuildFile; productRef = 8FD2F1FF2B17C4CB00AA68BD /* FirebaseAppCheck */; };
		8FD2F2022B17C4CB00AA68BD /* FirebaseAppDistribution-Beta in Frameworks */ = {isa = PBXBuildFile; productRef = 8FD2F2012B17C4CB00AA68BD /* FirebaseAppDistribution-Beta */; };
		8FD2F2042B17C4CB00AA68BD /* FirebaseAuth in Frameworks */ = {isa = PBXBuildFile; productRef = 8FD2F2032B17C4CB00AA68BD /* FirebaseAuth */; };
		8FD2F2062B17C4CB00AA68BD /* FirebaseAuthCombine-Community in Frameworks */ = {isa = PBXBuildFile; productRef = 8FD2F2052B17C4CB00AA68BD /* FirebaseAuthCombine-Community */; };
		8FD2F2082B17C4CB00AA68BD /* FirebaseCrashlytics in Frameworks */ = {isa = PBXBuildFile; productRef = 8FD2F2072B17C4CB00AA68BD /* FirebaseCrashlytics */; };
		8FD2F20A2B17C4CB00AA68BD /* FirebaseDatabase in Frameworks */ = {isa = PBXBuildFile; productRef = 8FD2F2092B17C4CB00AA68BD /* FirebaseDatabase */; };
		8FD2F20C2B17C4CB00AA68BD /* FirebaseDatabaseSwift in Frameworks */ = {isa = PBXBuildFile; productRef = 8FD2F20B2B17C4CB00AA68BD /* FirebaseDatabaseSwift */; };
		8FD2F20E2B17C4CB00AA68BD /* FirebaseDynamicLinks in Frameworks */ = {isa = PBXBuildFile; productRef = 8FD2F20D2B17C4CB00AA68BD /* FirebaseDynamicLinks */; };
		8FD2F2102B17C4CB00AA68BD /* FirebaseFirestore in Frameworks */ = {isa = PBXBuildFile; productRef = 8FD2F20F2B17C4CB00AA68BD /* FirebaseFirestore */; };
		8FD2F2122B17C4CB00AA68BD /* FirebaseFirestoreCombine-Community in Frameworks */ = {isa = PBXBuildFile; productRef = 8FD2F2112B17C4CB00AA68BD /* FirebaseFirestoreCombine-Community */; };
		8FD2F2142B17C4CB00AA68BD /* FirebaseFirestoreSwift in Frameworks */ = {isa = PBXBuildFile; productRef = 8FD2F2132B17C4CB00AA68BD /* FirebaseFirestoreSwift */; };
		8FD2F2162B17C4CB00AA68BD /* FirebaseFunctions in Frameworks */ = {isa = PBXBuildFile; productRef = 8FD2F2152B17C4CB00AA68BD /* FirebaseFunctions */; };
		8FD2F2182B17C4CB00AA68BD /* FirebaseFunctionsCombine-Community in Frameworks */ = {isa = PBXBuildFile; productRef = 8FD2F2172B17C4CB00AA68BD /* FirebaseFunctionsCombine-Community */; };
		8FD2F21A2B17C4CB00AA68BD /* FirebaseInAppMessaging-Beta in Frameworks */ = {isa = PBXBuildFile; productRef = 8FD2F2192B17C4CB00AA68BD /* FirebaseInAppMessaging-Beta */; };
		8FD2F21C2B17C4CB00AA68BD /* FirebaseInAppMessagingSwift-Beta in Frameworks */ = {isa = PBXBuildFile; productRef = 8FD2F21B2B17C4CB00AA68BD /* FirebaseInAppMessagingSwift-Beta */; };
		8FD2F21E2B17C4CB00AA68BD /* FirebaseInstallations in Frameworks */ = {isa = PBXBuildFile; productRef = 8FD2F21D2B17C4CB00AA68BD /* FirebaseInstallations */; };
		8FD2F2202B17C4CB00AA68BD /* FirebaseMLModelDownloader in Frameworks */ = {isa = PBXBuildFile; productRef = 8FD2F21F2B17C4CB00AA68BD /* FirebaseMLModelDownloader */; };
		8FD2F2222B17C4CB00AA68BD /* FirebaseMessaging in Frameworks */ = {isa = PBXBuildFile; productRef = 8FD2F2212B17C4CB00AA68BD /* FirebaseMessaging */; };
		8FD2F2242B17C4CB00AA68BD /* FirebasePerformance in Frameworks */ = {isa = PBXBuildFile; productRef = 8FD2F2232B17C4CB00AA68BD /* FirebasePerformance */; };
		8FD2F2262B17C4CB00AA68BD /* FirebaseRemoteConfig in Frameworks */ = {isa = PBXBuildFile; productRef = 8FD2F2252B17C4CB00AA68BD /* FirebaseRemoteConfig */; };
		8FD2F2282B17C4CB00AA68BD /* FirebaseRemoteConfigSwift in Frameworks */ = {isa = PBXBuildFile; productRef = 8FD2F2272B17C4CB00AA68BD /* FirebaseRemoteConfigSwift */; };
		8FD2F22A2B17C4CB00AA68BD /* FirebaseStorage in Frameworks */ = {isa = PBXBuildFile; productRef = 8FD2F2292B17C4CB00AA68BD /* FirebaseStorage */; };
		8FD2F22C2B17C4CB00AA68BD /* FirebaseStorageCombine-Community in Frameworks */ = {isa = PBXBuildFile; productRef = 8FD2F22B2B17C4CB00AA68BD /* FirebaseStorageCombine-Community */; };
		8FD2F22E2B17C6AB00AA68BD /* GoogleService-Info.plist in Resources */ = {isa = PBXBuildFile; fileRef = 8FD2F22D2B17C6AA00AA68BD /* GoogleService-Info.plist */; };
/* End PBXBuildFile section */

/* Begin PBXFileReference section */
		8F5B3B592B540C78000AFB45 /* FirebaseAuthUser +.swift */ = {isa = PBXFileReference; lastKnownFileType = sourcecode.swift; path = "FirebaseAuthUser +.swift"; sourceTree = "<group>"; };
		8F5DFF782B536D9F00250C8B /* CustomGradientLayerBackgroundAllPhotos.swift */ = {isa = PBXFileReference; fileEncoding = 4; lastKnownFileType = sourcecode.swift; path = CustomGradientLayerBackgroundAllPhotos.swift; sourceTree = "<group>"; };
		8F5DFF792B536D9F00250C8B /* CustomGradientLayerBackgroundAuth.swift */ = {isa = PBXFileReference; fileEncoding = 4; lastKnownFileType = sourcecode.swift; path = CustomGradientLayerBackgroundAuth.swift; sourceTree = "<group>"; };
		8F5DFF7A2B536D9F00250C8B /* CustomGradientLayerSpot.swift */ = {isa = PBXFileReference; fileEncoding = 4; lastKnownFileType = sourcecode.swift; path = CustomGradientLayerSpot.swift; sourceTree = "<group>"; };
		8F5DFF7B2B536D9F00250C8B /* CustomGradientLayerBackground.swift */ = {isa = PBXFileReference; fileEncoding = 4; lastKnownFileType = sourcecode.swift; path = CustomGradientLayerBackground.swift; sourceTree = "<group>"; };
		8F5DFF7D2B536D9F00250C8B /* UIButtonAuth.swift */ = {isa = PBXFileReference; fileEncoding = 4; lastKnownFileType = sourcecode.swift; path = UIButtonAuth.swift; sourceTree = "<group>"; };
		8F5DFF7E2B536D9F00250C8B /* UITextFieldAuth.swift */ = {isa = PBXFileReference; fileEncoding = 4; lastKnownFileType = sourcecode.swift; path = UITextFieldAuth.swift; sourceTree = "<group>"; };
		8F5DFF7F2B536D9F00250C8B /* UIlogoLabel.swift */ = {isa = PBXFileReference; fileEncoding = 4; lastKnownFileType = sourcecode.swift; path = UIlogoLabel.swift; sourceTree = "<group>"; };
		8F5DFF812B536D9F00250C8B /* Token.ttf */ = {isa = PBXFileReference; lastKnownFileType = file; path = Token.ttf; sourceTree = "<group>"; };
		8F5DFF832B536D9F00250C8B /* UIColor + .swift */ = {isa = PBXFileReference; fileEncoding = 4; lastKnownFileType = sourcecode.swift; path = "UIColor + .swift"; sourceTree = "<group>"; };
		8F5DFF842B536D9F00250C8B /* UIVIew + .swift */ = {isa = PBXFileReference; fileEncoding = 4; lastKnownFileType = sourcecode.swift; path = "UIVIew + .swift"; sourceTree = "<group>"; };
		8F5DFF872B536D9F00250C8B /* StorageService.swift */ = {isa = PBXFileReference; fileEncoding = 4; lastKnownFileType = sourcecode.swift; path = StorageService.swift; sourceTree = "<group>"; };
		8F5DFF892B536D9F00250C8B /* RegistrationField.swift */ = {isa = PBXFileReference; fileEncoding = 4; lastKnownFileType = sourcecode.swift; path = RegistrationField.swift; sourceTree = "<group>"; };
		8F5DFF8B2B536D9F00250C8B /* Photo.swift */ = {isa = PBXFileReference; fileEncoding = 4; lastKnownFileType = sourcecode.swift; path = Photo.swift; sourceTree = "<group>"; };
		8F5DFF8C2B536D9F00250C8B /* AuthResponceEnum.swift */ = {isa = PBXFileReference; fileEncoding = 4; lastKnownFileType = sourcecode.swift; path = AuthResponceEnum.swift; sourceTree = "<group>"; };
		8F5DFF8D2B536D9F00250C8B /* AuthResponce.swift */ = {isa = PBXFileReference; fileEncoding = 4; lastKnownFileType = sourcecode.swift; path = AuthResponce.swift; sourceTree = "<group>"; };
		8F5DFF8E2B536D9F00250C8B /* AuthService.swift */ = {isa = PBXFileReference; fileEncoding = 4; lastKnownFileType = sourcecode.swift; path = AuthService.swift; sourceTree = "<group>"; };
		8F5DFF8F2B536D9F00250C8B /* DatabaseService.swift */ = {isa = PBXFileReference; fileEncoding = 4; lastKnownFileType = sourcecode.swift; path = DatabaseService.swift; sourceTree = "<group>"; };
		8F5DFF902B536D9F00250C8B /* CheckField.swift */ = {isa = PBXFileReference; fileEncoding = 4; lastKnownFileType = sourcecode.swift; path = CheckField.swift; sourceTree = "<group>"; };
		8F5DFF942B536D9F00250C8B /* LoginViewControllerImpl.swift */ = {isa = PBXFileReference; fileEncoding = 4; lastKnownFileType = sourcecode.swift; path = LoginViewControllerImpl.swift; sourceTree = "<group>"; };
		8F5DFF952B536D9F00250C8B /* LoginPresenterImpl.swift */ = {isa = PBXFileReference; fileEncoding = 4; lastKnownFileType = sourcecode.swift; path = LoginPresenterImpl.swift; sourceTree = "<group>"; };
		8F5DFF962B536D9F00250C8B /* AuthModuleCoordinator.swift */ = {isa = PBXFileReference; fileEncoding = 4; lastKnownFileType = sourcecode.swift; path = AuthModuleCoordinator.swift; sourceTree = "<group>"; };
		8F5DFF982B536D9F00250C8B /* RegistrationPresenterImpl.swift */ = {isa = PBXFileReference; fileEncoding = 4; lastKnownFileType = sourcecode.swift; path = RegistrationPresenterImpl.swift; sourceTree = "<group>"; };
		8F5DFF992B536D9F00250C8B /* RegistrationViewControllerImpl.swift */ = {isa = PBXFileReference; fileEncoding = 4; lastKnownFileType = sourcecode.swift; path = RegistrationViewControllerImpl.swift; sourceTree = "<group>"; };
		8F5DFF9B2B536D9F00250C8B /* MainModuleCoordinator.swift */ = {isa = PBXFileReference; fileEncoding = 4; lastKnownFileType = sourcecode.swift; path = MainModuleCoordinator.swift; sourceTree = "<group>"; };
		8F5DFF9E2B536D9F00250C8B /* AllPhotosCell.swift */ = {isa = PBXFileReference; fileEncoding = 4; lastKnownFileType = sourcecode.swift; path = AllPhotosCell.swift; sourceTree = "<group>"; };
		8F5DFF9F2B536D9F00250C8B /* FullScreenPhotoCell.swift */ = {isa = PBXFileReference; fileEncoding = 4; lastKnownFileType = sourcecode.swift; path = FullScreenPhotoCell.swift; sourceTree = "<group>"; };
		8F5DFFA12B536D9F00250C8B /* GalleryFullScreenViewControllerImpl.swift */ = {isa = PBXFileReference; fileEncoding = 4; lastKnownFileType = sourcecode.swift; path = GalleryFullScreenViewControllerImpl.swift; sourceTree = "<group>"; };
		8F5DFFA32B536D9F00250C8B /* GalleryAllPhotosPresenterImpl.swift */ = {isa = PBXFileReference; fileEncoding = 4; lastKnownFileType = sourcecode.swift; path = GalleryAllPhotosPresenterImpl.swift; sourceTree = "<group>"; };
		8F5DFFA42B536D9F00250C8B /* GalleryAllPhotosViewControllerImpl.swift */ = {isa = PBXFileReference; fileEncoding = 4; lastKnownFileType = sourcecode.swift; path = GalleryAllPhotosViewControllerImpl.swift; sourceTree = "<group>"; };
		8F5DFFA52B536D9F00250C8B /* GalleryAllPhotosModel.swift */ = {isa = PBXFileReference; fileEncoding = 4; lastKnownFileType = sourcecode.swift; path = GalleryAllPhotosModel.swift; sourceTree = "<group>"; };
		8F5DFFA72B536D9F00250C8B /* AppCoordinator.swift */ = {isa = PBXFileReference; fileEncoding = 4; lastKnownFileType = sourcecode.swift; path = AppCoordinator.swift; sourceTree = "<group>"; };
		8F5DFFA82B536D9F00250C8B /* Coordinator.swift */ = {isa = PBXFileReference; fileEncoding = 4; lastKnownFileType = sourcecode.swift; path = Coordinator.swift; sourceTree = "<group>"; };
		8FA55FAD2AFD00EA007FEF74 /* GalleryApp.app */ = {isa = PBXFileReference; explicitFileType = wrapper.application; includeInIndex = 0; path = GalleryApp.app; sourceTree = BUILT_PRODUCTS_DIR; };
		8FA55FB02AFD00EA007FEF74 /* AppDelegate.swift */ = {isa = PBXFileReference; lastKnownFileType = sourcecode.swift; path = AppDelegate.swift; sourceTree = "<group>"; };
		8FA55FB22AFD00EA007FEF74 /* SceneDelegate.swift */ = {isa = PBXFileReference; lastKnownFileType = sourcecode.swift; path = SceneDelegate.swift; sourceTree = "<group>"; };
		8FA55FB92AFD00EB007FEF74 /* Assets.xcassets */ = {isa = PBXFileReference; lastKnownFileType = folder.assetcatalog; path = Assets.xcassets; sourceTree = "<group>"; };
		8FA55FBC2AFD00EB007FEF74 /* Base */ = {isa = PBXFileReference; lastKnownFileType = file.storyboard; name = Base; path = Base.lproj/LaunchScreen.storyboard; sourceTree = "<group>"; };
		8FA55FBE2AFD00EB007FEF74 /* Info.plist */ = {isa = PBXFileReference; lastKnownFileType = text.plist.xml; path = Info.plist; sourceTree = "<group>"; };
		8FD2F22D2B17C6AA00AA68BD /* GoogleService-Info.plist */ = {isa = PBXFileReference; fileEncoding = 4; lastKnownFileType = text.plist.xml; path = "GoogleService-Info.plist"; sourceTree = "<group>"; };
/* End PBXFileReference section */

/* Begin PBXFrameworksBuildPhase section */
		8FA55FAA2AFD00EA007FEF74 /* Frameworks */ = {
			isa = PBXFrameworksBuildPhase;
			buildActionMask = 2147483647;
			files = (
				8FD2F20A2B17C4CB00AA68BD /* FirebaseDatabase in Frameworks */,
				8FD2F2182B17C4CB00AA68BD /* FirebaseFunctionsCombine-Community in Frameworks */,
				8FD2F2102B17C4CB00AA68BD /* FirebaseFirestore in Frameworks */,
				8FD2F1FC2B17C4CB00AA68BD /* FirebaseAnalyticsSwift in Frameworks */,
				8FD2F1F82B17C4CB00AA68BD /* FirebaseAnalytics in Frameworks */,
				8FD2F1FA2B17C4CB00AA68BD /* FirebaseAnalyticsOnDeviceConversion in Frameworks */,
				8FD2F2202B17C4CB00AA68BD /* FirebaseMLModelDownloader in Frameworks */,
				8FD2F2142B17C4CB00AA68BD /* FirebaseFirestoreSwift in Frameworks */,
				8FD2F2002B17C4CB00AA68BD /* FirebaseAppCheck in Frameworks */,
				8FD2F1FE2B17C4CB00AA68BD /* FirebaseAnalyticsWithoutAdIdSupport in Frameworks */,
				8FD2F2042B17C4CB00AA68BD /* FirebaseAuth in Frameworks */,
				8FD2F2082B17C4CB00AA68BD /* FirebaseCrashlytics in Frameworks */,
				8FD2F2282B17C4CB00AA68BD /* FirebaseRemoteConfigSwift in Frameworks */,
				8FD2F21A2B17C4CB00AA68BD /* FirebaseInAppMessaging-Beta in Frameworks */,
				8FD2F20C2B17C4CB00AA68BD /* FirebaseDatabaseSwift in Frameworks */,
				8FD2F2162B17C4CB00AA68BD /* FirebaseFunctions in Frameworks */,
				8FD2F22C2B17C4CB00AA68BD /* FirebaseStorageCombine-Community in Frameworks */,
				8FD2F2262B17C4CB00AA68BD /* FirebaseRemoteConfig in Frameworks */,
				8FD2F2022B17C4CB00AA68BD /* FirebaseAppDistribution-Beta in Frameworks */,
				8FD2F2062B17C4CB00AA68BD /* FirebaseAuthCombine-Community in Frameworks */,
				8FD2F2242B17C4CB00AA68BD /* FirebasePerformance in Frameworks */,
				8FD2F21C2B17C4CB00AA68BD /* FirebaseInAppMessagingSwift-Beta in Frameworks */,
				8FD2F22A2B17C4CB00AA68BD /* FirebaseStorage in Frameworks */,
				8FD2F20E2B17C4CB00AA68BD /* FirebaseDynamicLinks in Frameworks */,
				8FD2F2122B17C4CB00AA68BD /* FirebaseFirestoreCombine-Community in Frameworks */,
				8FD2F2222B17C4CB00AA68BD /* FirebaseMessaging in Frameworks */,
				8FD2F21E2B17C4CB00AA68BD /* FirebaseInstallations in Frameworks */,
			);
			runOnlyForDeploymentPostprocessing = 0;
		};
/* End PBXFrameworksBuildPhase section */

/* Begin PBXGroup section */
		8F5DFF762B536D9F00250C8B /* CustomUI */ = {
			isa = PBXGroup;
			children = (
				8F5DFF772B536D9F00250C8B /* BackgroundGradientSpots */,
				8F5DFF7C2B536D9F00250C8B /* CustomViews */,
				8F5DFF802B536D9F00250C8B /* Fonts */,
			);
			path = CustomUI;
			sourceTree = "<group>";
		};
		8F5DFF772B536D9F00250C8B /* BackgroundGradientSpots */ = {
			isa = PBXGroup;
			children = (
				8F5DFF782B536D9F00250C8B /* CustomGradientLayerBackgroundAllPhotos.swift */,
				8F5DFF792B536D9F00250C8B /* CustomGradientLayerBackgroundAuth.swift */,
				8F5DFF7A2B536D9F00250C8B /* CustomGradientLayerSpot.swift */,
				8F5DFF7B2B536D9F00250C8B /* CustomGradientLayerBackground.swift */,
			);
			path = BackgroundGradientSpots;
			sourceTree = "<group>";
		};
		8F5DFF7C2B536D9F00250C8B /* CustomViews */ = {
			isa = PBXGroup;
			children = (
				8F5DFF7D2B536D9F00250C8B /* UIButtonAuth.swift */,
				8F5DFF7E2B536D9F00250C8B /* UITextFieldAuth.swift */,
				8F5DFF7F2B536D9F00250C8B /* UIlogoLabel.swift */,
			);
			path = CustomViews;
			sourceTree = "<group>";
		};
		8F5DFF802B536D9F00250C8B /* Fonts */ = {
			isa = PBXGroup;
			children = (
				8F5DFF812B536D9F00250C8B /* Token.ttf */,
			);
			path = Fonts;
			sourceTree = "<group>";
		};
		8F5DFF822B536D9F00250C8B /* Extensions */ = {
			isa = PBXGroup;
			children = (
				8F5DFF832B536D9F00250C8B /* UIColor + .swift */,
				8F5DFF842B536D9F00250C8B /* UIVIew + .swift */,
				8F5B3B592B540C78000AFB45 /* FirebaseAuthUser +.swift */,
			);
			path = Extensions;
			sourceTree = "<group>";
		};
		8F5DFF852B536D9F00250C8B /* Service */ = {
			isa = PBXGroup;
			children = (
				8F5DFF862B536D9F00250C8B /* FirebaseServices */,
				8F5DFF902B536D9F00250C8B /* CheckField.swift */,
			);
			path = Service;
			sourceTree = "<group>";
		};
		8F5DFF862B536D9F00250C8B /* FirebaseServices */ = {
			isa = PBXGroup;
			children = (
				8F5DFF872B536D9F00250C8B /* StorageService.swift */,
				8F5DFF882B536D9F00250C8B /* Models */,
				8F5DFF8E2B536D9F00250C8B /* AuthService.swift */,
				8F5DFF8F2B536D9F00250C8B /* DatabaseService.swift */,
			);
			path = FirebaseServices;
			sourceTree = "<group>";
		};
		8F5DFF882B536D9F00250C8B /* Models */ = {
			isa = PBXGroup;
			children = (
				8F5DFF892B536D9F00250C8B /* RegistrationField.swift */,
				8F5DFF8B2B536D9F00250C8B /* Photo.swift */,
				8F5DFF8C2B536D9F00250C8B /* AuthResponceEnum.swift */,
				8F5DFF8D2B536D9F00250C8B /* AuthResponce.swift */,
			);
			path = Models;
			sourceTree = "<group>";
		};
		8F5DFF912B536D9F00250C8B /* ApplicationLayer */ = {
			isa = PBXGroup;
			children = (
				8F5DFF922B536D9F00250C8B /* AuntificationModule */,
				8F5DFF9A2B536D9F00250C8B /* GalleryModule */,
			);
			path = ApplicationLayer;
			sourceTree = "<group>";
		};
		8F5DFF922B536D9F00250C8B /* AuntificationModule */ = {
			isa = PBXGroup;
			children = (
				8F5DFF932B536D9F00250C8B /* LoginModule */,
				8F5DFF962B536D9F00250C8B /* AuthModuleCoordinator.swift */,
				8F5DFF972B536D9F00250C8B /* RegistrationModule */,
			);
			path = AuntificationModule;
			sourceTree = "<group>";
		};
		8F5DFF932B536D9F00250C8B /* LoginModule */ = {
			isa = PBXGroup;
			children = (
				8F5DFF942B536D9F00250C8B /* LoginViewControllerImpl.swift */,
				8F5DFF952B536D9F00250C8B /* LoginPresenterImpl.swift */,
			);
			path = LoginModule;
			sourceTree = "<group>";
		};
		8F5DFF972B536D9F00250C8B /* RegistrationModule */ = {
			isa = PBXGroup;
			children = (
				8F5DFF982B536D9F00250C8B /* RegistrationPresenterImpl.swift */,
				8F5DFF992B536D9F00250C8B /* RegistrationViewControllerImpl.swift */,
			);
			path = RegistrationModule;
			sourceTree = "<group>";
		};
		8F5DFF9A2B536D9F00250C8B /* GalleryModule */ = {
			isa = PBXGroup;
			children = (
				8F5DFF9B2B536D9F00250C8B /* MainModuleCoordinator.swift */,
				8F5DFF9C2B536D9F00250C8B /* CustomCollectionViewCells */,
				8F5DFFA02B536D9F00250C8B /* GalleryFullScreenPhotos */,
				8F5DFFA22B536D9F00250C8B /* GalleryAllPhotos */,
			);
			path = GalleryModule;
			sourceTree = "<group>";
		};
		8F5DFF9C2B536D9F00250C8B /* CustomCollectionViewCells */ = {
			isa = PBXGroup;
			children = (
				8F5DFF9E2B536D9F00250C8B /* AllPhotosCell.swift */,
				8F5DFF9F2B536D9F00250C8B /* FullScreenPhotoCell.swift */,
			);
			path = CustomCollectionViewCells;
			sourceTree = "<group>";
		};
		8F5DFFA02B536D9F00250C8B /* GalleryFullScreenPhotos */ = {
			isa = PBXGroup;
			children = (
				8F5DFFA12B536D9F00250C8B /* GalleryFullScreenViewControllerImpl.swift */,
			);
			path = GalleryFullScreenPhotos;
			sourceTree = "<group>";
		};
		8F5DFFA22B536D9F00250C8B /* GalleryAllPhotos */ = {
			isa = PBXGroup;
			children = (
				8F5DFFA32B536D9F00250C8B /* GalleryAllPhotosPresenterImpl.swift */,
				8F5DFFA42B536D9F00250C8B /* GalleryAllPhotosViewControllerImpl.swift */,
				8F5DFFA52B536D9F00250C8B /* GalleryAllPhotosModel.swift */,
			);
			path = GalleryAllPhotos;
			sourceTree = "<group>";
		};
		8F5DFFA62B536D9F00250C8B /* CoreLayer */ = {
			isa = PBXGroup;
			children = (
				8F5DFFA72B536D9F00250C8B /* AppCoordinator.swift */,
				8F5DFFA82B536D9F00250C8B /* Coordinator.swift */,
			);
			path = CoreLayer;
			sourceTree = "<group>";
		};
		8FA09D352B0508B4005D62B8 /* App */ = {
			isa = PBXGroup;
			children = (
				8FA55FBB2AFD00EB007FEF74 /* LaunchScreen.storyboard */,
				8FA55FB92AFD00EB007FEF74 /* Assets.xcassets */,
				8FA55FB02AFD00EA007FEF74 /* AppDelegate.swift */,
				8FA55FB22AFD00EA007FEF74 /* SceneDelegate.swift */,
			);
			path = App;
			sourceTree = "<group>";
		};
		8FA55FA42AFD00EA007FEF74 = {
			isa = PBXGroup;
			children = (
				8FA55FAF2AFD00EA007FEF74 /* GalleryApp */,
				8FA55FAE2AFD00EA007FEF74 /* Products */,
			);
			sourceTree = "<group>";
		};
		8FA55FAE2AFD00EA007FEF74 /* Products */ = {
			isa = PBXGroup;
			children = (
				8FA55FAD2AFD00EA007FEF74 /* GalleryApp.app */,
			);
			name = Products;
			sourceTree = "<group>";
		};
		8FA55FAF2AFD00EA007FEF74 /* GalleryApp */ = {
			isa = PBXGroup;
			children = (
				8F5DFF912B536D9F00250C8B /* ApplicationLayer */,
				8F5DFFA62B536D9F00250C8B /* CoreLayer */,
				8F5DFF762B536D9F00250C8B /* CustomUI */,
				8F5DFF822B536D9F00250C8B /* Extensions */,
				8F5DFF852B536D9F00250C8B /* Service */,
				8FA09D352B0508B4005D62B8 /* App */,
				8FA55FBE2AFD00EB007FEF74 /* Info.plist */,
				8FD2F22D2B17C6AA00AA68BD /* GoogleService-Info.plist */,
			);
			path = GalleryApp;
			sourceTree = "<group>";
		};
/* End PBXGroup section */

/* Begin PBXNativeTarget section */
		8FA55FAC2AFD00EA007FEF74 /* GalleryApp */ = {
			isa = PBXNativeTarget;
			buildConfigurationList = 8FA55FC12AFD00EB007FEF74 /* Build configuration list for PBXNativeTarget "GalleryApp" */;
			buildPhases = (
				8FA55FA92AFD00EA007FEF74 /* Sources */,
				8FA55FAA2AFD00EA007FEF74 /* Frameworks */,
				8FA55FAB2AFD00EA007FEF74 /* Resources */,
			);
			buildRules = (
			);
			dependencies = (
			);
			name = GalleryApp;
			packageProductDependencies = (
				8FD2F1F72B17C4CB00AA68BD /* FirebaseAnalytics */,
				8FD2F1F92B17C4CB00AA68BD /* FirebaseAnalyticsOnDeviceConversion */,
				8FD2F1FB2B17C4CB00AA68BD /* FirebaseAnalyticsSwift */,
				8FD2F1FD2B17C4CB00AA68BD /* FirebaseAnalyticsWithoutAdIdSupport */,
				8FD2F1FF2B17C4CB00AA68BD /* FirebaseAppCheck */,
				8FD2F2012B17C4CB00AA68BD /* FirebaseAppDistribution-Beta */,
				8FD2F2032B17C4CB00AA68BD /* FirebaseAuth */,
				8FD2F2052B17C4CB00AA68BD /* FirebaseAuthCombine-Community */,
				8FD2F2072B17C4CB00AA68BD /* FirebaseCrashlytics */,
				8FD2F2092B17C4CB00AA68BD /* FirebaseDatabase */,
				8FD2F20B2B17C4CB00AA68BD /* FirebaseDatabaseSwift */,
				8FD2F20D2B17C4CB00AA68BD /* FirebaseDynamicLinks */,
				8FD2F20F2B17C4CB00AA68BD /* FirebaseFirestore */,
				8FD2F2112B17C4CB00AA68BD /* FirebaseFirestoreCombine-Community */,
				8FD2F2132B17C4CB00AA68BD /* FirebaseFirestoreSwift */,
				8FD2F2152B17C4CB00AA68BD /* FirebaseFunctions */,
				8FD2F2172B17C4CB00AA68BD /* FirebaseFunctionsCombine-Community */,
				8FD2F2192B17C4CB00AA68BD /* FirebaseInAppMessaging-Beta */,
				8FD2F21B2B17C4CB00AA68BD /* FirebaseInAppMessagingSwift-Beta */,
				8FD2F21D2B17C4CB00AA68BD /* FirebaseInstallations */,
				8FD2F21F2B17C4CB00AA68BD /* FirebaseMLModelDownloader */,
				8FD2F2212B17C4CB00AA68BD /* FirebaseMessaging */,
				8FD2F2232B17C4CB00AA68BD /* FirebasePerformance */,
				8FD2F2252B17C4CB00AA68BD /* FirebaseRemoteConfig */,
				8FD2F2272B17C4CB00AA68BD /* FirebaseRemoteConfigSwift */,
				8FD2F2292B17C4CB00AA68BD /* FirebaseStorage */,
				8FD2F22B2B17C4CB00AA68BD /* FirebaseStorageCombine-Community */,
			);
			productName = ScrollViewTest;
			productReference = 8FA55FAD2AFD00EA007FEF74 /* GalleryApp.app */;
			productType = "com.apple.product-type.application";
		};
/* End PBXNativeTarget section */

/* Begin PBXProject section */
		8FA55FA52AFD00EA007FEF74 /* Project object */ = {
			isa = PBXProject;
			attributes = {
				BuildIndependentTargetsInParallel = 1;
				LastSwiftUpdateCheck = 1500;
				LastUpgradeCheck = 1500;
				TargetAttributes = {
					8FA55FAC2AFD00EA007FEF74 = {
						CreatedOnToolsVersion = 15.0;
					};
				};
			};
			buildConfigurationList = 8FA55FA82AFD00EA007FEF74 /* Build configuration list for PBXProject "GalleryApp" */;
			compatibilityVersion = "Xcode 14.0";
			developmentRegion = en;
			hasScannedForEncodings = 0;
			knownRegions = (
				en,
				Base,
			);
			mainGroup = 8FA55FA42AFD00EA007FEF74;
			packageReferences = (
				8FD2F1F62B17C4CB00AA68BD /* XCRemoteSwiftPackageReference "firebase-ios-sdk" */,
			);
			productRefGroup = 8FA55FAE2AFD00EA007FEF74 /* Products */;
			projectDirPath = "";
			projectRoot = "";
			targets = (
				8FA55FAC2AFD00EA007FEF74 /* GalleryApp */,
			);
		};
/* End PBXProject section */

/* Begin PBXResourcesBuildPhase section */
		8FA55FAB2AFD00EA007FEF74 /* Resources */ = {
			isa = PBXResourcesBuildPhase;
			buildActionMask = 2147483647;
			files = (
				8FA55FBD2AFD00EB007FEF74 /* LaunchScreen.storyboard in Resources */,
				8FD2F22E2B17C6AB00AA68BD /* GoogleService-Info.plist in Resources */,
				8F5DFFB02B536D9F00250C8B /* Token.ttf in Resources */,
				8FA55FBA2AFD00EB007FEF74 /* Assets.xcassets in Resources */,
			);
			runOnlyForDeploymentPostprocessing = 0;
		};
/* End PBXResourcesBuildPhase section */

/* Begin PBXSourcesBuildPhase section */
		8FA55FA92AFD00EA007FEF74 /* Sources */ = {
			isa = PBXSourcesBuildPhase;
			buildActionMask = 2147483647;
			files = (
				8F5DFFC32B536D9F00250C8B /* AllPhotosCell.swift in Sources */,
				8F5DFFBD2B536D9F00250C8B /* LoginPresenterImpl.swift in Sources */,
				8F5DFFC92B536D9F00250C8B /* AppCoordinator.swift in Sources */,
				8F5DFFAC2B536D9F00250C8B /* CustomGradientLayerBackground.swift in Sources */,
				8F5DFFC82B536D9F00250C8B /* GalleryAllPhotosModel.swift in Sources */,
				8F5DFFB32B536D9F00250C8B /* StorageService.swift in Sources */,
				8F5DFFB22B536D9F00250C8B /* UIVIew + .swift in Sources */,
				8F5DFFB92B536D9F00250C8B /* AuthService.swift in Sources */,
				8F5DFFC42B536D9F00250C8B /* FullScreenPhotoCell.swift in Sources */,
				8F5DFFAE2B536D9F00250C8B /* UITextFieldAuth.swift in Sources */,
				8F5DFFBA2B536D9F00250C8B /* DatabaseService.swift in Sources */,
				8F5DFFBE2B536D9F00250C8B /* AuthModuleCoordinator.swift in Sources */,
				8F5DFFAF2B536D9F00250C8B /* UIlogoLabel.swift in Sources */,
				8FA55FB12AFD00EA007FEF74 /* AppDelegate.swift in Sources */,
				8F5DFFC12B536D9F00250C8B /* MainModuleCoordinator.swift in Sources */,
				8F5DFFB72B536D9F00250C8B /* AuthResponceEnum.swift in Sources */,
				8F5DFFB42B536D9F00250C8B /* RegistrationField.swift in Sources */,
				8F5DFFB82B536D9F00250C8B /* AuthResponce.swift in Sources */,
				8F5DFFA92B536D9F00250C8B /* CustomGradientLayerBackgroundAllPhotos.swift in Sources */,
				8F5DFFBF2B536D9F00250C8B /* RegistrationPresenterImpl.swift in Sources */,
				8F5DFFBB2B536D9F00250C8B /* CheckField.swift in Sources */,
				8F5DFFB62B536D9F00250C8B /* Photo.swift in Sources */,
				8F5DFFAD2B536D9F00250C8B /* UIButtonAuth.swift in Sources */,
				8F5B3B5A2B540C79000AFB45 /* FirebaseAuthUser +.swift in Sources */,
				8F5DFFAA2B536D9F00250C8B /* CustomGradientLayerBackgroundAuth.swift in Sources */,
				8F5DFFBC2B536D9F00250C8B /* LoginViewControllerImpl.swift in Sources */,
				8F5DFFCA2B536D9F00250C8B /* Coordinator.swift in Sources */,
				8F5DFFC02B536D9F00250C8B /* RegistrationViewControllerImpl.swift in Sources */,
				8F5DFFC72B536D9F00250C8B /* GalleryAllPhotosViewControllerImpl.swift in Sources */,
				8F5DFFB12B536D9F00250C8B /* UIColor + .swift in Sources */,
				8FA55FB32AFD00EA007FEF74 /* SceneDelegate.swift in Sources */,
				8F5DFFC62B536D9F00250C8B /* GalleryAllPhotosPresenterImpl.swift in Sources */,
				8F5DFFC52B536D9F00250C8B /* GalleryFullScreenViewControllerImpl.swift in Sources */,
				8F5DFFAB2B536D9F00250C8B /* CustomGradientLayerSpot.swift in Sources */,
			);
			runOnlyForDeploymentPostprocessing = 0;
		};
/* End PBXSourcesBuildPhase section */

/* Begin PBXVariantGroup section */
		8FA55FBB2AFD00EB007FEF74 /* LaunchScreen.storyboard */ = {
			isa = PBXVariantGroup;
			children = (
				8FA55FBC2AFD00EB007FEF74 /* Base */,
			);
			name = LaunchScreen.storyboard;
			sourceTree = "<group>";
		};
/* End PBXVariantGroup section */

/* Begin XCBuildConfiguration section */
		8FA55FBF2AFD00EB007FEF74 /* Debug */ = {
			isa = XCBuildConfiguration;
			buildSettings = {
				ALWAYS_SEARCH_USER_PATHS = NO;
				ASSETCATALOG_COMPILER_GENERATE_SWIFT_ASSET_SYMBOL_EXTENSIONS = YES;
				CLANG_ANALYZER_NONNULL = YES;
				CLANG_ANALYZER_NUMBER_OBJECT_CONVERSION = YES_AGGRESSIVE;
				CLANG_CXX_LANGUAGE_STANDARD = "gnu++20";
				CLANG_ENABLE_MODULES = YES;
				CLANG_ENABLE_OBJC_ARC = YES;
				CLANG_ENABLE_OBJC_WEAK = YES;
				CLANG_WARN_BLOCK_CAPTURE_AUTORELEASING = YES;
				CLANG_WARN_BOOL_CONVERSION = YES;
				CLANG_WARN_COMMA = YES;
				CLANG_WARN_CONSTANT_CONVERSION = YES;
				CLANG_WARN_DEPRECATED_OBJC_IMPLEMENTATIONS = YES;
				CLANG_WARN_DIRECT_OBJC_ISA_USAGE = YES_ERROR;
				CLANG_WARN_DOCUMENTATION_COMMENTS = YES;
				CLANG_WARN_EMPTY_BODY = YES;
				CLANG_WARN_ENUM_CONVERSION = YES;
				CLANG_WARN_INFINITE_RECURSION = YES;
				CLANG_WARN_INT_CONVERSION = YES;
				CLANG_WARN_NON_LITERAL_NULL_CONVERSION = YES;
				CLANG_WARN_OBJC_IMPLICIT_RETAIN_SELF = YES;
				CLANG_WARN_OBJC_LITERAL_CONVERSION = YES;
				CLANG_WARN_OBJC_ROOT_CLASS = YES_ERROR;
				CLANG_WARN_QUOTED_INCLUDE_IN_FRAMEWORK_HEADER = YES;
				CLANG_WARN_RANGE_LOOP_ANALYSIS = YES;
				CLANG_WARN_STRICT_PROTOTYPES = YES;
				CLANG_WARN_SUSPICIOUS_MOVE = YES;
				CLANG_WARN_UNGUARDED_AVAILABILITY = YES_AGGRESSIVE;
				CLANG_WARN_UNREACHABLE_CODE = YES;
				CLANG_WARN__DUPLICATE_METHOD_MATCH = YES;
				COPY_PHASE_STRIP = NO;
				DEBUG_INFORMATION_FORMAT = dwarf;
				ENABLE_STRICT_OBJC_MSGSEND = YES;
				ENABLE_TESTABILITY = YES;
				ENABLE_USER_SCRIPT_SANDBOXING = YES;
				GCC_C_LANGUAGE_STANDARD = gnu17;
				GCC_DYNAMIC_NO_PIC = NO;
				GCC_NO_COMMON_BLOCKS = YES;
				GCC_OPTIMIZATION_LEVEL = 0;
				GCC_PREPROCESSOR_DEFINITIONS = (
					"DEBUG=1",
					"$(inherited)",
				);
				GCC_WARN_64_TO_32_BIT_CONVERSION = YES;
				GCC_WARN_ABOUT_RETURN_TYPE = YES_ERROR;
				GCC_WARN_UNDECLARED_SELECTOR = YES;
				GCC_WARN_UNINITIALIZED_AUTOS = YES_AGGRESSIVE;
				GCC_WARN_UNUSED_FUNCTION = YES;
				GCC_WARN_UNUSED_VARIABLE = YES;
				IPHONEOS_DEPLOYMENT_TARGET = 17.0;
				LOCALIZATION_PREFERS_STRING_CATALOGS = YES;
				MTL_ENABLE_DEBUG_INFO = INCLUDE_SOURCE;
				MTL_FAST_MATH = YES;
				ONLY_ACTIVE_ARCH = YES;
				SDKROOT = iphoneos;
				SWIFT_ACTIVE_COMPILATION_CONDITIONS = "DEBUG $(inherited)";
				SWIFT_OPTIMIZATION_LEVEL = "-Onone";
			};
			name = Debug;
		};
		8FA55FC02AFD00EB007FEF74 /* Release */ = {
			isa = XCBuildConfiguration;
			buildSettings = {
				ALWAYS_SEARCH_USER_PATHS = NO;
				ASSETCATALOG_COMPILER_GENERATE_SWIFT_ASSET_SYMBOL_EXTENSIONS = YES;
				CLANG_ANALYZER_NONNULL = YES;
				CLANG_ANALYZER_NUMBER_OBJECT_CONVERSION = YES_AGGRESSIVE;
				CLANG_CXX_LANGUAGE_STANDARD = "gnu++20";
				CLANG_ENABLE_MODULES = YES;
				CLANG_ENABLE_OBJC_ARC = YES;
				CLANG_ENABLE_OBJC_WEAK = YES;
				CLANG_WARN_BLOCK_CAPTURE_AUTORELEASING = YES;
				CLANG_WARN_BOOL_CONVERSION = YES;
				CLANG_WARN_COMMA = YES;
				CLANG_WARN_CONSTANT_CONVERSION = YES;
				CLANG_WARN_DEPRECATED_OBJC_IMPLEMENTATIONS = YES;
				CLANG_WARN_DIRECT_OBJC_ISA_USAGE = YES_ERROR;
				CLANG_WARN_DOCUMENTATION_COMMENTS = YES;
				CLANG_WARN_EMPTY_BODY = YES;
				CLANG_WARN_ENUM_CONVERSION = YES;
				CLANG_WARN_INFINITE_RECURSION = YES;
				CLANG_WARN_INT_CONVERSION = YES;
				CLANG_WARN_NON_LITERAL_NULL_CONVERSION = YES;
				CLANG_WARN_OBJC_IMPLICIT_RETAIN_SELF = YES;
				CLANG_WARN_OBJC_LITERAL_CONVERSION = YES;
				CLANG_WARN_OBJC_ROOT_CLASS = YES_ERROR;
				CLANG_WARN_QUOTED_INCLUDE_IN_FRAMEWORK_HEADER = YES;
				CLANG_WARN_RANGE_LOOP_ANALYSIS = YES;
				CLANG_WARN_STRICT_PROTOTYPES = YES;
				CLANG_WARN_SUSPICIOUS_MOVE = YES;
				CLANG_WARN_UNGUARDED_AVAILABILITY = YES_AGGRESSIVE;
				CLANG_WARN_UNREACHABLE_CODE = YES;
				CLANG_WARN__DUPLICATE_METHOD_MATCH = YES;
				COPY_PHASE_STRIP = NO;
				DEBUG_INFORMATION_FORMAT = "dwarf-with-dsym";
				ENABLE_NS_ASSERTIONS = NO;
				ENABLE_STRICT_OBJC_MSGSEND = YES;
				ENABLE_USER_SCRIPT_SANDBOXING = YES;
				GCC_C_LANGUAGE_STANDARD = gnu17;
				GCC_NO_COMMON_BLOCKS = YES;
				GCC_WARN_64_TO_32_BIT_CONVERSION = YES;
				GCC_WARN_ABOUT_RETURN_TYPE = YES_ERROR;
				GCC_WARN_UNDECLARED_SELECTOR = YES;
				GCC_WARN_UNINITIALIZED_AUTOS = YES_AGGRESSIVE;
				GCC_WARN_UNUSED_FUNCTION = YES;
				GCC_WARN_UNUSED_VARIABLE = YES;
				IPHONEOS_DEPLOYMENT_TARGET = 17.0;
				LOCALIZATION_PREFERS_STRING_CATALOGS = YES;
				MTL_ENABLE_DEBUG_INFO = NO;
				MTL_FAST_MATH = YES;
				SDKROOT = iphoneos;
				SWIFT_COMPILATION_MODE = wholemodule;
				VALIDATE_PRODUCT = YES;
			};
			name = Release;
		};
		8FA55FC22AFD00EB007FEF74 /* Debug */ = {
			isa = XCBuildConfiguration;
			buildSettings = {
				ASSETCATALOG_COMPILER_APPICON_NAME = AppIcon;
				ASSETCATALOG_COMPILER_GLOBAL_ACCENT_COLOR_NAME = AccentColor;
				CODE_SIGN_STYLE = Automatic;
				CURRENT_PROJECT_VERSION = 1;
				DEVELOPMENT_TEAM = 3Q2GL54W3S;
				GENERATE_INFOPLIST_FILE = YES;
				INFOPLIST_FILE = GalleryApp/Info.plist;
				INFOPLIST_KEY_UIApplicationSupportsIndirectInputEvents = YES;
				INFOPLIST_KEY_UILaunchStoryboardName = LaunchScreen;
				INFOPLIST_KEY_UISupportedInterfaceOrientations_iPad = "UIInterfaceOrientationPortrait UIInterfaceOrientationPortraitUpsideDown UIInterfaceOrientationLandscapeLeft UIInterfaceOrientationLandscapeRight";
				INFOPLIST_KEY_UISupportedInterfaceOrientations_iPhone = "UIInterfaceOrientationPortrait UIInterfaceOrientationLandscapeLeft UIInterfaceOrientationLandscapeRight";
				IPHONEOS_DEPLOYMENT_TARGET = 15.0;
				LD_RUNPATH_SEARCH_PATHS = (
					"$(inherited)",
					"@executable_path/Frameworks",
				);
				MARKETING_VERSION = 1.0;
				PRODUCT_BUNDLE_IDENTIFIER = dev.GalleryApp;
				PRODUCT_NAME = "$(TARGET_NAME)";
				SWIFT_EMIT_LOC_STRINGS = YES;
				SWIFT_VERSION = 5.0;
				TARGETED_DEVICE_FAMILY = "1,2";
			};
			name = Debug;
		};
		8FA55FC32AFD00EB007FEF74 /* Release */ = {
			isa = XCBuildConfiguration;
			buildSettings = {
				ASSETCATALOG_COMPILER_APPICON_NAME = AppIcon;
				ASSETCATALOG_COMPILER_GLOBAL_ACCENT_COLOR_NAME = AccentColor;
				CODE_SIGN_STYLE = Automatic;
				CURRENT_PROJECT_VERSION = 1;
				DEVELOPMENT_TEAM = 3Q2GL54W3S;
				GENERATE_INFOPLIST_FILE = YES;
				INFOPLIST_FILE = GalleryApp/Info.plist;
				INFOPLIST_KEY_UIApplicationSupportsIndirectInputEvents = YES;
				INFOPLIST_KEY_UILaunchStoryboardName = LaunchScreen;
				INFOPLIST_KEY_UISupportedInterfaceOrientations_iPad = "UIInterfaceOrientationPortrait UIInterfaceOrientationPortraitUpsideDown UIInterfaceOrientationLandscapeLeft UIInterfaceOrientationLandscapeRight";
				INFOPLIST_KEY_UISupportedInterfaceOrientations_iPhone = "UIInterfaceOrientationPortrait UIInterfaceOrientationLandscapeLeft UIInterfaceOrientationLandscapeRight";
				IPHONEOS_DEPLOYMENT_TARGET = 15.0;
				LD_RUNPATH_SEARCH_PATHS = (
					"$(inherited)",
					"@executable_path/Frameworks",
				);
				MARKETING_VERSION = 1.0;
				PRODUCT_BUNDLE_IDENTIFIER = dev.GalleryApp;
				PRODUCT_NAME = "$(TARGET_NAME)";
				SWIFT_EMIT_LOC_STRINGS = YES;
				SWIFT_VERSION = 5.0;
				TARGETED_DEVICE_FAMILY = "1,2";
			};
			name = Release;
		};
/* End XCBuildConfiguration section */

/* Begin XCConfigurationList section */
		8FA55FA82AFD00EA007FEF74 /* Build configuration list for PBXProject "GalleryApp" */ = {
			isa = XCConfigurationList;
			buildConfigurations = (
				8FA55FBF2AFD00EB007FEF74 /* Debug */,
				8FA55FC02AFD00EB007FEF74 /* Release */,
			);
			defaultConfigurationIsVisible = 0;
			defaultConfigurationName = Release;
		};
		8FA55FC12AFD00EB007FEF74 /* Build configuration list for PBXNativeTarget "GalleryApp" */ = {
			isa = XCConfigurationList;
			buildConfigurations = (
				8FA55FC22AFD00EB007FEF74 /* Debug */,
				8FA55FC32AFD00EB007FEF74 /* Release */,
			);
			defaultConfigurationIsVisible = 0;
			defaultConfigurationName = Release;
		};
/* End XCConfigurationList section */

/* Begin XCRemoteSwiftPackageReference section */
		8FD2F1F62B17C4CB00AA68BD /* XCRemoteSwiftPackageReference "firebase-ios-sdk" */ = {
			isa = XCRemoteSwiftPackageReference;
			repositoryURL = "https://github.com/firebase/firebase-ios-sdk";
			requirement = {
				kind = upToNextMajorVersion;
				minimumVersion = 10.18.0;
			};
		};
/* End XCRemoteSwiftPackageReference section */

/* Begin XCSwiftPackageProductDependency section */
		8FD2F1F72B17C4CB00AA68BD /* FirebaseAnalytics */ = {
			isa = XCSwiftPackageProductDependency;
			package = 8FD2F1F62B17C4CB00AA68BD /* XCRemoteSwiftPackageReference "firebase-ios-sdk" */;
			productName = FirebaseAnalytics;
		};
		8FD2F1F92B17C4CB00AA68BD /* FirebaseAnalyticsOnDeviceConversion */ = {
			isa = XCSwiftPackageProductDependency;
			package = 8FD2F1F62B17C4CB00AA68BD /* XCRemoteSwiftPackageReference "firebase-ios-sdk" */;
			productName = FirebaseAnalyticsOnDeviceConversion;
		};
		8FD2F1FB2B17C4CB00AA68BD /* FirebaseAnalyticsSwift */ = {
			isa = XCSwiftPackageProductDependency;
			package = 8FD2F1F62B17C4CB00AA68BD /* XCRemoteSwiftPackageReference "firebase-ios-sdk" */;
			productName = FirebaseAnalyticsSwift;
		};
		8FD2F1FD2B17C4CB00AA68BD /* FirebaseAnalyticsWithoutAdIdSupport */ = {
			isa = XCSwiftPackageProductDependency;
			package = 8FD2F1F62B17C4CB00AA68BD /* XCRemoteSwiftPackageReference "firebase-ios-sdk" */;
			productName = FirebaseAnalyticsWithoutAdIdSupport;
		};
		8FD2F1FF2B17C4CB00AA68BD /* FirebaseAppCheck */ = {
			isa = XCSwiftPackageProductDependency;
			package = 8FD2F1F62B17C4CB00AA68BD /* XCRemoteSwiftPackageReference "firebase-ios-sdk" */;
			productName = FirebaseAppCheck;
		};
		8FD2F2012B17C4CB00AA68BD /* FirebaseAppDistribution-Beta */ = {
			isa = XCSwiftPackageProductDependency;
			package = 8FD2F1F62B17C4CB00AA68BD /* XCRemoteSwiftPackageReference "firebase-ios-sdk" */;
			productName = "FirebaseAppDistribution-Beta";
		};
		8FD2F2032B17C4CB00AA68BD /* FirebaseAuth */ = {
			isa = XCSwiftPackageProductDependency;
			package = 8FD2F1F62B17C4CB00AA68BD /* XCRemoteSwiftPackageReference "firebase-ios-sdk" */;
			productName = FirebaseAuth;
		};
		8FD2F2052B17C4CB00AA68BD /* FirebaseAuthCombine-Community */ = {
			isa = XCSwiftPackageProductDependency;
			package = 8FD2F1F62B17C4CB00AA68BD /* XCRemoteSwiftPackageReference "firebase-ios-sdk" */;
			productName = "FirebaseAuthCombine-Community";
		};
		8FD2F2072B17C4CB00AA68BD /* FirebaseCrashlytics */ = {
			isa = XCSwiftPackageProductDependency;
			package = 8FD2F1F62B17C4CB00AA68BD /* XCRemoteSwiftPackageReference "firebase-ios-sdk" */;
			productName = FirebaseCrashlytics;
		};
		8FD2F2092B17C4CB00AA68BD /* FirebaseDatabase */ = {
			isa = XCSwiftPackageProductDependency;
			package = 8FD2F1F62B17C4CB00AA68BD /* XCRemoteSwiftPackageReference "firebase-ios-sdk" */;
			productName = FirebaseDatabase;
		};
		8FD2F20B2B17C4CB00AA68BD /* FirebaseDatabaseSwift */ = {
			isa = XCSwiftPackageProductDependency;
			package = 8FD2F1F62B17C4CB00AA68BD /* XCRemoteSwiftPackageReference "firebase-ios-sdk" */;
			productName = FirebaseDatabaseSwift;
		};
		8FD2F20D2B17C4CB00AA68BD /* FirebaseDynamicLinks */ = {
			isa = XCSwiftPackageProductDependency;
			package = 8FD2F1F62B17C4CB00AA68BD /* XCRemoteSwiftPackageReference "firebase-ios-sdk" */;
			productName = FirebaseDynamicLinks;
		};
		8FD2F20F2B17C4CB00AA68BD /* FirebaseFirestore */ = {
			isa = XCSwiftPackageProductDependency;
			package = 8FD2F1F62B17C4CB00AA68BD /* XCRemoteSwiftPackageReference "firebase-ios-sdk" */;
			productName = FirebaseFirestore;
		};
		8FD2F2112B17C4CB00AA68BD /* FirebaseFirestoreCombine-Community */ = {
			isa = XCSwiftPackageProductDependency;
			package = 8FD2F1F62B17C4CB00AA68BD /* XCRemoteSwiftPackageReference "firebase-ios-sdk" */;
			productName = "FirebaseFirestoreCombine-Community";
		};
		8FD2F2132B17C4CB00AA68BD /* FirebaseFirestoreSwift */ = {
			isa = XCSwiftPackageProductDependency;
			package = 8FD2F1F62B17C4CB00AA68BD /* XCRemoteSwiftPackageReference "firebase-ios-sdk" */;
			productName = FirebaseFirestoreSwift;
		};
		8FD2F2152B17C4CB00AA68BD /* FirebaseFunctions */ = {
			isa = XCSwiftPackageProductDependency;
			package = 8FD2F1F62B17C4CB00AA68BD /* XCRemoteSwiftPackageReference "firebase-ios-sdk" */;
			productName = FirebaseFunctions;
		};
		8FD2F2172B17C4CB00AA68BD /* FirebaseFunctionsCombine-Community */ = {
			isa = XCSwiftPackageProductDependency;
			package = 8FD2F1F62B17C4CB00AA68BD /* XCRemoteSwiftPackageReference "firebase-ios-sdk" */;
			productName = "FirebaseFunctionsCombine-Community";
		};
		8FD2F2192B17C4CB00AA68BD /* FirebaseInAppMessaging-Beta */ = {
			isa = XCSwiftPackageProductDependency;
			package = 8FD2F1F62B17C4CB00AA68BD /* XCRemoteSwiftPackageReference "firebase-ios-sdk" */;
			productName = "FirebaseInAppMessaging-Beta";
		};
		8FD2F21B2B17C4CB00AA68BD /* FirebaseInAppMessagingSwift-Beta */ = {
			isa = XCSwiftPackageProductDependency;
			package = 8FD2F1F62B17C4CB00AA68BD /* XCRemoteSwiftPackageReference "firebase-ios-sdk" */;
			productName = "FirebaseInAppMessagingSwift-Beta";
		};
		8FD2F21D2B17C4CB00AA68BD /* FirebaseInstallations */ = {
			isa = XCSwiftPackageProductDependency;
			package = 8FD2F1F62B17C4CB00AA68BD /* XCRemoteSwiftPackageReference "firebase-ios-sdk" */;
			productName = FirebaseInstallations;
		};
		8FD2F21F2B17C4CB00AA68BD /* FirebaseMLModelDownloader */ = {
			isa = XCSwiftPackageProductDependency;
			package = 8FD2F1F62B17C4CB00AA68BD /* XCRemoteSwiftPackageReference "firebase-ios-sdk" */;
			productName = FirebaseMLModelDownloader;
		};
		8FD2F2212B17C4CB00AA68BD /* FirebaseMessaging */ = {
			isa = XCSwiftPackageProductDependency;
			package = 8FD2F1F62B17C4CB00AA68BD /* XCRemoteSwiftPackageReference "firebase-ios-sdk" */;
			productName = FirebaseMessaging;
		};
		8FD2F2232B17C4CB00AA68BD /* FirebasePerformance */ = {
			isa = XCSwiftPackageProductDependency;
			package = 8FD2F1F62B17C4CB00AA68BD /* XCRemoteSwiftPackageReference "firebase-ios-sdk" */;
			productName = FirebasePerformance;
		};
		8FD2F2252B17C4CB00AA68BD /* FirebaseRemoteConfig */ = {
			isa = XCSwiftPackageProductDependency;
			package = 8FD2F1F62B17C4CB00AA68BD /* XCRemoteSwiftPackageReference "firebase-ios-sdk" */;
			productName = FirebaseRemoteConfig;
		};
		8FD2F2272B17C4CB00AA68BD /* FirebaseRemoteConfigSwift */ = {
			isa = XCSwiftPackageProductDependency;
			package = 8FD2F1F62B17C4CB00AA68BD /* XCRemoteSwiftPackageReference "firebase-ios-sdk" */;
			productName = FirebaseRemoteConfigSwift;
		};
		8FD2F2292B17C4CB00AA68BD /* FirebaseStorage */ = {
			isa = XCSwiftPackageProductDependency;
			package = 8FD2F1F62B17C4CB00AA68BD /* XCRemoteSwiftPackageReference "firebase-ios-sdk" */;
			productName = FirebaseStorage;
		};
		8FD2F22B2B17C4CB00AA68BD /* FirebaseStorageCombine-Community */ = {
			isa = XCSwiftPackageProductDependency;
			package = 8FD2F1F62B17C4CB00AA68BD /* XCRemoteSwiftPackageReference "firebase-ios-sdk" */;
			productName = "FirebaseStorageCombine-Community";
		};
/* End XCSwiftPackageProductDependency section */
	};
	rootObject = 8FA55FA52AFD00EA007FEF74 /* Project object */;
}
